
Microsoft Visual Studio Solution File, Format Version 12.00
# Visual Studio 15
VisualStudioVersion = 15.0.27703.2042
MinimumVisualStudioVersion = 10.0.40219.1
Project("{9A19103F-16F7-4668-BE54-9A1E7A4F7556}") = "APIAlturas", "APIAlturas\APIAlturas.csproj", "{389A7137-EEEB-4768-BB43-189B97C5E1B8}"
EndProject
Project("{9A19103F-16F7-4668-BE54-9A1E7A4F7556}") = "APIAlturas.Models", "APIAlturas.Models\APIAlturas.Models.csproj", "{A1F0C53D-BE43-404D-B257-736EAD05E2D0}"
EndProject
Project("{9A19103F-16F7-4668-BE54-9A1E7A4F7556}") = "APIAlturas.Commons", "APIAlturas.Commons\APIAlturas.Commons.csproj", "{3B09F1F1-5F0C-4435-9BBE-AC09DE272D3F}"
EndProject
Project("{9A19103F-16F7-4668-BE54-9A1E7A4F7556}") = "APIAlturas.DAO", "APIAlturas.DAO\APIAlturas.DAO.csproj", "{0DFBF444-ABF2-4727-A2ED-7A8A1E7329CD}"
EndProject
Global
	GlobalSection(SolutionConfigurationPlatforms) = preSolution
		Debug|Any CPU = Debug|Any CPU
		Release|Any CPU = Release|Any CPU
	EndGlobalSection
	GlobalSection(ProjectConfigurationPlatforms) = postSolution
		{389A7137-EEEB-4768-BB43-189B97C5E1B8}.Debug|Any CPU.ActiveCfg = Debug|Any CPU
		{389A7137-EEEB-4768-BB43-189B97C5E1B8}.Debug|Any CPU.Build.0 = Debug|Any CPU
		{389A7137-EEEB-4768-BB43-189B97C5E1B8}.Release|Any CPU.ActiveCfg = Release|Any CPU
		{389A7137-EEEB-4768-BB43-189B97C5E1B8}.Release|Any CPU.Build.0 = Release|Any CPU
		{A1F0C53D-BE43-404D-B257-736EAD05E2D0}.Debug|Any CPU.ActiveCfg = Debug|Any CPU
		{A1F0C53D-BE43-404D-B257-736EAD05E2D0}.Debug|Any CPU.Build.0 = Debug|Any CPU
		{A1F0C53D-BE43-404D-B257-736EAD05E2D0}.Release|Any CPU.ActiveCfg = Release|Any CPU
		{A1F0C53D-BE43-404D-B257-736EAD05E2D0}.Release|Any CPU.Build.0 = Release|Any CPU
		{3B09F1F1-5F0C-4435-9BBE-AC09DE272D3F}.Debug|Any CPU.ActiveCfg = Debug|Any CPU
		{3B09F1F1-5F0C-4435-9BBE-AC09DE272D3F}.Debug|Any CPU.Build.0 = Debug|Any CPU
		{3B09F1F1-5F0C-4435-9BBE-AC09DE272D3F}.Release|Any CPU.ActiveCfg = Release|Any CPU
		{3B09F1F1-5F0C-4435-9BBE-AC09DE272D3F}.Release|Any CPU.Build.0 = Release|Any CPU
		{0DFBF444-ABF2-4727-A2ED-7A8A1E7329CD}.Debug|Any CPU.ActiveCfg = Debug|Any CPU
		{0DFBF444-ABF2-4727-A2ED-7A8A1E7329CD}.Debug|Any CPU.Build.0 = Debug|Any CPU
		{0DFBF444-ABF2-4727-A2ED-7A8A1E7329CD}.Release|Any CPU.ActiveCfg = Release|Any CPU
		{0DFBF444-ABF2-4727-A2ED-7A8A1E7329CD}.Release|Any CPU.Build.0 = Release|Any CPU
	EndGlobalSection
	GlobalSection(SolutionProperties) = preSolution
		HideSolutionNode = FALSE
	EndGlobalSection
	GlobalSection(ExtensibilityGlobals) = postSolution
		SolutionGuid = {5AA502C1-6DAE-4F83-8C81-2D68ABB20537}
	EndGlobalSection
EndGlobal
